
Microsoft Visual Studio Solution File, Format Version 12.00
# Visual Studio 15
VisualStudioVersion = 15.0.28307.271
MinimumVisualStudioVersion = 10.0.40219.1
Project("{9A19103F-16F7-4668-BE54-9A1E7A4F7556}") = "ToDoAPI", "FinancialPlanner\ToDoAPI.csproj", "{F811D9EC-E74D-4E18-991E-81F6C68688D3}"
	ProjectSection(ProjectDependencies) = postProject
		{439521B5-B2AC-4251-A3EC-692B2974FE45} = {439521B5-B2AC-4251-A3EC-692B2974FE45}
	EndProjectSection
EndProject
Project("{9A19103F-16F7-4668-BE54-9A1E7A4F7556}") = "ToDoApp", "FinancialPlannerCL\ToDoApp.csproj", "{439521B5-B2AC-4251-A3EC-692B2974FE45}"
EndProject
Project("{9A19103F-16F7-4668-BE54-9A1E7A4F7556}") = "ToDoDAL", "ToDoDAL\ToDoDAL.csproj", "{36C9AB1B-CE76-4B94-942D-094D3BD803D2}"
EndProject
Project("{9A19103F-16F7-4668-BE54-9A1E7A4F7556}") = "ToDoApp.Models", "ToDoApp.Models\ToDoApp.Models.csproj", "{707FF29C-6786-478C-8B74-815C680AE0E8}"
EndProject
Project("{FAE04EC0-301F-11D3-BF4B-00C04F79EFBC}") = "ToDoAppTests", "ToDoAppTests\ToDoAppTests.csproj", "{B5171D9D-257B-46FB-BCDF-180CD80212B2}"
EndProject
Global
	GlobalSection(SolutionConfigurationPlatforms) = preSolution
		Debug|Any CPU = Debug|Any CPU
		Release|Any CPU = Release|Any CPU
	EndGlobalSection
	GlobalSection(ProjectConfigurationPlatforms) = postSolution
		{F811D9EC-E74D-4E18-991E-81F6C68688D3}.Debug|Any CPU.ActiveCfg = Debug|Any CPU
		{F811D9EC-E74D-4E18-991E-81F6C68688D3}.Debug|Any CPU.Build.0 = Debug|Any CPU
		{F811D9EC-E74D-4E18-991E-81F6C68688D3}.Release|Any CPU.ActiveCfg = Release|Any CPU
		{F811D9EC-E74D-4E18-991E-81F6C68688D3}.Release|Any CPU.Build.0 = Release|Any CPU
		{439521B5-B2AC-4251-A3EC-692B2974FE45}.Debug|Any CPU.ActiveCfg = Debug|Any CPU
		{439521B5-B2AC-4251-A3EC-692B2974FE45}.Debug|Any CPU.Build.0 = Debug|Any CPU
		{439521B5-B2AC-4251-A3EC-692B2974FE45}.Release|Any CPU.ActiveCfg = Release|Any CPU
		{439521B5-B2AC-4251-A3EC-692B2974FE45}.Release|Any CPU.Build.0 = Release|Any CPU
		{36C9AB1B-CE76-4B94-942D-094D3BD803D2}.Debug|Any CPU.ActiveCfg = Debug|Any CPU
		{36C9AB1B-CE76-4B94-942D-094D3BD803D2}.Debug|Any CPU.Build.0 = Debug|Any CPU
		{36C9AB1B-CE76-4B94-942D-094D3BD803D2}.Release|Any CPU.ActiveCfg = Release|Any CPU
		{36C9AB1B-CE76-4B94-942D-094D3BD803D2}.Release|Any CPU.Build.0 = Release|Any CPU
		{707FF29C-6786-478C-8B74-815C680AE0E8}.Debug|Any CPU.ActiveCfg = Debug|Any CPU
		{707FF29C-6786-478C-8B74-815C680AE0E8}.Debug|Any CPU.Build.0 = Debug|Any CPU
		{707FF29C-6786-478C-8B74-815C680AE0E8}.Release|Any CPU.ActiveCfg = Release|Any CPU
		{707FF29C-6786-478C-8B74-815C680AE0E8}.Release|Any CPU.Build.0 = Release|Any CPU
		{B5171D9D-257B-46FB-BCDF-180CD80212B2}.Debug|Any CPU.ActiveCfg = Debug|Any CPU
		{B5171D9D-257B-46FB-BCDF-180CD80212B2}.Debug|Any CPU.Build.0 = Debug|Any CPU
		{B5171D9D-257B-46FB-BCDF-180CD80212B2}.Release|Any CPU.ActiveCfg = Release|Any CPU
		{B5171D9D-257B-46FB-BCDF-180CD80212B2}.Release|Any CPU.Build.0 = Release|Any CPU
	EndGlobalSection
	GlobalSection(SolutionProperties) = preSolution
		HideSolutionNode = FALSE
	EndGlobalSection
	GlobalSection(ExtensibilityGlobals) = postSolution
		SolutionGuid = {2B0B1709-F12E-49CE-8A0B-0EF91AEF3930}
	EndGlobalSection
EndGlobal
